
Microsoft Visual Studio Solution File, Format Version 12.00
# Visual Studio Version 17
VisualStudioVersion = 17.3.32825.248
MinimumVisualStudioVersion = 10.0.40219.1
Project("{FAE04EC0-301F-11D3-BF4B-00C04F79EFBC}") = "Data", "Data\Data.csproj", "{47A680BA-1613-4D84-9E6F-46682445CA86}"
EndProject
Project("{FAE04EC0-301F-11D3-BF4B-00C04F79EFBC}") = "Entity", "Entity\Entity.csproj", "{CC10FA2F-34D5-4202-8516-8C74DDB9F654}"
EndProject
Project("{FAE04EC0-301F-11D3-BF4B-00C04F79EFBC}") = "UI.Web", "UI.Web\UI.Web.csproj", "{47948C0F-D9A0-4136-9B25-E3892BAC20A9}"
EndProject
Global
	GlobalSection(SolutionConfigurationPlatforms) = preSolution
		Debug|Any CPU = Debug|Any CPU
		Release|Any CPU = Release|Any CPU
	EndGlobalSection
	GlobalSection(ProjectConfigurationPlatforms) = postSolution
		{47A680BA-1613-4D84-9E6F-46682445CA86}.Debug|Any CPU.ActiveCfg = Debug|Any CPU
		{47A680BA-1613-4D84-9E6F-46682445CA86}.Debug|Any CPU.Build.0 = Debug|Any CPU
		{47A680BA-1613-4D84-9E6F-46682445CA86}.Release|Any CPU.ActiveCfg = Release|Any CPU
		{47A680BA-1613-4D84-9E6F-46682445CA86}.Release|Any CPU.Build.0 = Release|Any CPU
		{CC10FA2F-34D5-4202-8516-8C74DDB9F654}.Debug|Any CPU.ActiveCfg = Debug|Any CPU
		{CC10FA2F-34D5-4202-8516-8C74DDB9F654}.Debug|Any CPU.Build.0 = Debug|Any CPU
		{CC10FA2F-34D5-4202-8516-8C74DDB9F654}.Release|Any CPU.ActiveCfg = Release|Any CPU
		{CC10FA2F-34D5-4202-8516-8C74DDB9F654}.Release|Any CPU.Build.0 = Release|Any CPU
		{47948C0F-D9A0-4136-9B25-E3892BAC20A9}.Debug|Any CPU.ActiveCfg = Debug|Any CPU
		{47948C0F-D9A0-4136-9B25-E3892BAC20A9}.Debug|Any CPU.Build.0 = Debug|Any CPU
		{47948C0F-D9A0-4136-9B25-E3892BAC20A9}.Release|Any CPU.ActiveCfg = Release|Any CPU
		{47948C0F-D9A0-4136-9B25-E3892BAC20A9}.Release|Any CPU.Build.0 = Release|Any CPU
	EndGlobalSection
	GlobalSection(SolutionProperties) = preSolution
		HideSolutionNode = FALSE
	EndGlobalSection
	GlobalSection(ExtensibilityGlobals) = postSolution
		SolutionGuid = {AFECF726-06D8-44DD-A057-3574CD265E3C}
	EndGlobalSection
EndGlobal
